
Microsoft Visual Studio Solution File, Format Version 12.00
# Visual Studio Version 17
VisualStudioVersion = 17.10.35122.118
MinimumVisualStudioVersion = 10.0.40219.1
Project("{9A19103F-16F7-4668-BE54-9A1E7A4F7556}") = "FoodSense.API", "FoodSense.API\FoodSense.API.csproj", "{DD2D2EE5-D6EC-4EB8-9722-04FE84044A90}"
EndProject
Project("{9A19103F-16F7-4668-BE54-9A1E7A4F7556}") = "FoodSense.API.Tests", "FoodSense.API.Tests\FoodSense.API.Tests.csproj", "{883A9638-6BC8-4F54-B6DE-AC9A2BC2CB2D}"
EndProject
Project("{9A19103F-16F7-4668-BE54-9A1E7A4F7556}") = "OpenFoodFacts-CSharp", "C:\Users\danil\source\repos\openfoodfacts-csharp\openfoodfacts-csharp\OpenFoodFacts-CSharp.csproj", "{68814070-1FB6-4F61-A4AF-547A6CFD233C}"
EndProject
Project("{FAE04EC0-301F-11D3-BF4B-00C04F79EFBC}") = "FoodSense.ReceiptReader", "FoodSense.ReceiptReader\FoodSense.ReceiptReader.csproj", "{105A2074-A36D-43F3-8CC5-49C0E060C3FD}"
EndProject
Project("{FAE04EC0-301F-11D3-BF4B-00C04F79EFBC}") = "FoodSense.ReceiptReader.Tests", "FoodSense.ReceiptReader.Tests\FoodSense.ReceiptReader.Tests.csproj", "{EBA17BF1-99F4-48C4-BEE2-F41AE058B9F2}"
EndProject
Project("{FAE04EC0-301F-11D3-BF4B-00C04F79EFBC}") = "FoodSense.BlazorFrontend", "FoodSense.BlazorFrontend\FoodSense.BlazorFrontend.csproj", "{8D6A43A4-803E-4FAC-8E55-739A19F5289F}"
EndProject
Global
	GlobalSection(SolutionConfigurationPlatforms) = preSolution
		Debug|Any CPU = Debug|Any CPU
		Debug|x64 = Debug|x64
		Debug|x86 = Debug|x86
		Release|Any CPU = Release|Any CPU
		Release|x64 = Release|x64
		Release|x86 = Release|x86
	EndGlobalSection
	GlobalSection(ProjectConfigurationPlatforms) = postSolution
		{DD2D2EE5-D6EC-4EB8-9722-04FE84044A90}.Debug|Any CPU.ActiveCfg = Debug|Any CPU
		{DD2D2EE5-D6EC-4EB8-9722-04FE84044A90}.Debug|Any CPU.Build.0 = Debug|Any CPU
		{DD2D2EE5-D6EC-4EB8-9722-04FE84044A90}.Debug|x64.ActiveCfg = Debug|Any CPU
		{DD2D2EE5-D6EC-4EB8-9722-04FE84044A90}.Debug|x64.Build.0 = Debug|Any CPU
		{DD2D2EE5-D6EC-4EB8-9722-04FE84044A90}.Debug|x86.ActiveCfg = Debug|Any CPU
		{DD2D2EE5-D6EC-4EB8-9722-04FE84044A90}.Debug|x86.Build.0 = Debug|Any CPU
		{DD2D2EE5-D6EC-4EB8-9722-04FE84044A90}.Release|Any CPU.ActiveCfg = Release|Any CPU
		{DD2D2EE5-D6EC-4EB8-9722-04FE84044A90}.Release|Any CPU.Build.0 = Release|Any CPU
		{DD2D2EE5-D6EC-4EB8-9722-04FE84044A90}.Release|x64.ActiveCfg = Release|Any CPU
		{DD2D2EE5-D6EC-4EB8-9722-04FE84044A90}.Release|x64.Build.0 = Release|Any CPU
		{DD2D2EE5-D6EC-4EB8-9722-04FE84044A90}.Release|x86.ActiveCfg = Release|Any CPU
		{DD2D2EE5-D6EC-4EB8-9722-04FE84044A90}.Release|x86.Build.0 = Release|Any CPU
		{883A9638-6BC8-4F54-B6DE-AC9A2BC2CB2D}.Debug|Any CPU.ActiveCfg = Debug|Any CPU
		{883A9638-6BC8-4F54-B6DE-AC9A2BC2CB2D}.Debug|Any CPU.Build.0 = Debug|Any CPU
		{883A9638-6BC8-4F54-B6DE-AC9A2BC2CB2D}.Debug|x64.ActiveCfg = Debug|Any CPU
		{883A9638-6BC8-4F54-B6DE-AC9A2BC2CB2D}.Debug|x64.Build.0 = Debug|Any CPU
		{883A9638-6BC8-4F54-B6DE-AC9A2BC2CB2D}.Debug|x86.ActiveCfg = Debug|Any CPU
		{883A9638-6BC8-4F54-B6DE-AC9A2BC2CB2D}.Debug|x86.Build.0 = Debug|Any CPU
		{883A9638-6BC8-4F54-B6DE-AC9A2BC2CB2D}.Release|Any CPU.ActiveCfg = Release|Any CPU
		{883A9638-6BC8-4F54-B6DE-AC9A2BC2CB2D}.Release|Any CPU.Build.0 = Release|Any CPU
		{883A9638-6BC8-4F54-B6DE-AC9A2BC2CB2D}.Release|x64.ActiveCfg = Release|Any CPU
		{883A9638-6BC8-4F54-B6DE-AC9A2BC2CB2D}.Release|x64.Build.0 = Release|Any CPU
		{883A9638-6BC8-4F54-B6DE-AC9A2BC2CB2D}.Release|x86.ActiveCfg = Release|Any CPU
		{883A9638-6BC8-4F54-B6DE-AC9A2BC2CB2D}.Release|x86.Build.0 = Release|Any CPU
		{68814070-1FB6-4F61-A4AF-547A6CFD233C}.Debug|Any CPU.ActiveCfg = Debug|Any CPU
		{68814070-1FB6-4F61-A4AF-547A6CFD233C}.Debug|Any CPU.Build.0 = Debug|Any CPU
		{68814070-1FB6-4F61-A4AF-547A6CFD233C}.Debug|x64.ActiveCfg = Debug|Any CPU
		{68814070-1FB6-4F61-A4AF-547A6CFD233C}.Debug|x64.Build.0 = Debug|Any CPU
		{68814070-1FB6-4F61-A4AF-547A6CFD233C}.Debug|x86.ActiveCfg = Debug|Any CPU
		{68814070-1FB6-4F61-A4AF-547A6CFD233C}.Debug|x86.Build.0 = Debug|Any CPU
		{68814070-1FB6-4F61-A4AF-547A6CFD233C}.Release|Any CPU.ActiveCfg = Release|Any CPU
		{68814070-1FB6-4F61-A4AF-547A6CFD233C}.Release|Any CPU.Build.0 = Release|Any CPU
		{68814070-1FB6-4F61-A4AF-547A6CFD233C}.Release|x64.ActiveCfg = Release|Any CPU
		{68814070-1FB6-4F61-A4AF-547A6CFD233C}.Release|x64.Build.0 = Release|Any CPU
		{68814070-1FB6-4F61-A4AF-547A6CFD233C}.Release|x86.ActiveCfg = Release|Any CPU
		{68814070-1FB6-4F61-A4AF-547A6CFD233C}.Release|x86.Build.0 = Release|Any CPU
		{105A2074-A36D-43F3-8CC5-49C0E060C3FD}.Debug|Any CPU.ActiveCfg = Debug|Any CPU
		{105A2074-A36D-43F3-8CC5-49C0E060C3FD}.Debug|Any CPU.Build.0 = Debug|Any CPU
		{105A2074-A36D-43F3-8CC5-49C0E060C3FD}.Debug|x64.ActiveCfg = Debug|Any CPU
		{105A2074-A36D-43F3-8CC5-49C0E060C3FD}.Debug|x64.Build.0 = Debug|Any CPU
		{105A2074-A36D-43F3-8CC5-49C0E060C3FD}.Debug|x86.ActiveCfg = Debug|Any CPU
		{105A2074-A36D-43F3-8CC5-49C0E060C3FD}.Debug|x86.Build.0 = Debug|Any CPU
		{105A2074-A36D-43F3-8CC5-49C0E060C3FD}.Release|Any CPU.ActiveCfg = Release|Any CPU
		{105A2074-A36D-43F3-8CC5-49C0E060C3FD}.Release|Any CPU.Build.0 = Release|Any CPU
		{105A2074-A36D-43F3-8CC5-49C0E060C3FD}.Release|x64.ActiveCfg = Release|Any CPU
		{105A2074-A36D-43F3-8CC5-49C0E060C3FD}.Release|x64.Build.0 = Release|Any CPU
		{105A2074-A36D-43F3-8CC5-49C0E060C3FD}.Release|x86.ActiveCfg = Release|Any CPU
		{105A2074-A36D-43F3-8CC5-49C0E060C3FD}.Release|x86.Build.0 = Release|Any CPU
		{EBA17BF1-99F4-48C4-BEE2-F41AE058B9F2}.Debug|Any CPU.ActiveCfg = Debug|Any CPU
		{EBA17BF1-99F4-48C4-BEE2-F41AE058B9F2}.Debug|Any CPU.Build.0 = Debug|Any CPU
		{EBA17BF1-99F4-48C4-BEE2-F41AE058B9F2}.Debug|x64.ActiveCfg = Debug|Any CPU
		{EBA17BF1-99F4-48C4-BEE2-F41AE058B9F2}.Debug|x64.Build.0 = Debug|Any CPU
		{EBA17BF1-99F4-48C4-BEE2-F41AE058B9F2}.Debug|x86.ActiveCfg = Debug|Any CPU
		{EBA17BF1-99F4-48C4-BEE2-F41AE058B9F2}.Debug|x86.Build.0 = Debug|Any CPU
		{EBA17BF1-99F4-48C4-BEE2-F41AE058B9F2}.Release|Any CPU.ActiveCfg = Release|Any CPU
		{EBA17BF1-99F4-48C4-BEE2-F41AE058B9F2}.Release|Any CPU.Build.0 = Release|Any CPU
		{EBA17BF1-99F4-48C4-BEE2-F41AE058B9F2}.Release|x64.ActiveCfg = Release|Any CPU
		{EBA17BF1-99F4-48C4-BEE2-F41AE058B9F2}.Release|x64.Build.0 = Release|Any CPU
		{EBA17BF1-99F4-48C4-BEE2-F41AE058B9F2}.Release|x86.ActiveCfg = Release|Any CPU
		{EBA17BF1-99F4-48C4-BEE2-F41AE058B9F2}.Release|x86.Build.0 = Release|Any CPU
		{8D6A43A4-803E-4FAC-8E55-739A19F5289F}.Debug|Any CPU.ActiveCfg = Debug|Any CPU
		{8D6A43A4-803E-4FAC-8E55-739A19F5289F}.Debug|Any CPU.Build.0 = Debug|Any CPU
		{8D6A43A4-803E-4FAC-8E55-739A19F5289F}.Debug|x64.ActiveCfg = Debug|Any CPU
		{8D6A43A4-803E-4FAC-8E55-739A19F5289F}.Debug|x64.Build.0 = Debug|Any CPU
		{8D6A43A4-803E-4FAC-8E55-739A19F5289F}.Debug|x86.ActiveCfg = Debug|Any CPU
		{8D6A43A4-803E-4FAC-8E55-739A19F5289F}.Debug|x86.Build.0 = Debug|Any CPU
		{8D6A43A4-803E-4FAC-8E55-739A19F5289F}.Release|Any CPU.ActiveCfg = Release|Any CPU
		{8D6A43A4-803E-4FAC-8E55-739A19F5289F}.Release|Any CPU.Build.0 = Release|Any CPU
		{8D6A43A4-803E-4FAC-8E55-739A19F5289F}.Release|x64.ActiveCfg = Release|Any CPU
		{8D6A43A4-803E-4FAC-8E55-739A19F5289F}.Release|x64.Build.0 = Release|Any CPU
		{8D6A43A4-803E-4FAC-8E55-739A19F5289F}.Release|x86.ActiveCfg = Release|Any CPU
		{8D6A43A4-803E-4FAC-8E55-739A19F5289F}.Release|x86.Build.0 = Release|Any CPU
	EndGlobalSection
	GlobalSection(SolutionProperties) = preSolution
		HideSolutionNode = FALSE
	EndGlobalSection
	GlobalSection(ExtensibilityGlobals) = postSolution
		SolutionGuid = {6781C557-1F32-4B8A-AA02-6C1E87CE99D6}
	EndGlobalSection
EndGlobal
